
Microsoft Visual Studio Solution File, Format Version 12.00
# Visual Studio Version 17
VisualStudioVersion = 17.4.33110.190
MinimumVisualStudioVersion = 10.0.40219.1
Project("{FAE04EC0-301F-11D3-BF4B-00C04F79EFBC}") = "task7", "task7.csproj", "{C8283A89-A3BF-4FC3-A5C0-9E1A639DFA7B}"
EndProject
Global
	GlobalSection(SolutionConfigurationPlatforms) = preSolution
		Debug|Any CPU = Debug|Any CPU
		Release|Any CPU = Release|Any CPU
	EndGlobalSection
	GlobalSection(ProjectConfigurationPlatforms) = postSolution
		{C8283A89-A3BF-4FC3-A5C0-9E1A639DFA7B}.Debug|Any CPU.ActiveCfg = Debug|Any CPU
		{C8283A89-A3BF-4FC3-A5C0-9E1A639DFA7B}.Debug|Any CPU.Build.0 = Debug|Any CPU
		{C8283A89-A3BF-4FC3-A5C0-9E1A639DFA7B}.Release|Any CPU.ActiveCfg = Release|Any CPU
		{C8283A89-A3BF-4FC3-A5C0-9E1A639DFA7B}.Release|Any CPU.Build.0 = Release|Any CPU
	EndGlobalSection
	GlobalSection(SolutionProperties) = preSolution
		HideSolutionNode = FALSE
	EndGlobalSection
	GlobalSection(ExtensibilityGlobals) = postSolution
		SolutionGuid = {529813E1-F4F5-4829-8A7A-811FADF7E5C7}
	EndGlobalSection
EndGlobal
