
Microsoft Visual Studio Solution File, Format Version 12.00
# Visual Studio Version 17
VisualStudioVersion = 17.4.33110.190
MinimumVisualStudioVersion = 10.0.40219.1
Project("{FAE04EC0-301F-11D3-BF4B-00C04F79EFBC}") = "task3", "task3.csproj", "{780828F6-135E-4706-BE44-F7A68FEF6242}"
EndProject
Global
	GlobalSection(SolutionConfigurationPlatforms) = preSolution
		Debug|Any CPU = Debug|Any CPU
		Release|Any CPU = Release|Any CPU
	EndGlobalSection
	GlobalSection(ProjectConfigurationPlatforms) = postSolution
		{780828F6-135E-4706-BE44-F7A68FEF6242}.Debug|Any CPU.ActiveCfg = Debug|Any CPU
		{780828F6-135E-4706-BE44-F7A68FEF6242}.Debug|Any CPU.Build.0 = Debug|Any CPU
		{780828F6-135E-4706-BE44-F7A68FEF6242}.Release|Any CPU.ActiveCfg = Release|Any CPU
		{780828F6-135E-4706-BE44-F7A68FEF6242}.Release|Any CPU.Build.0 = Release|Any CPU
	EndGlobalSection
	GlobalSection(SolutionProperties) = preSolution
		HideSolutionNode = FALSE
	EndGlobalSection
	GlobalSection(ExtensibilityGlobals) = postSolution
		SolutionGuid = {B6B24103-BBFB-49B2-8A0C-40ADAF8B82E2}
	EndGlobalSection
EndGlobal
