
Microsoft Visual Studio Solution File, Format Version 12.00
# Visual Studio Version 17
VisualStudioVersion = 17.4.33110.190
MinimumVisualStudioVersion = 10.0.40219.1
Project("{FAE04EC0-301F-11D3-BF4B-00C04F79EFBC}") = "task8", "task8.csproj", "{8D352ED9-170F-42C4-8767-B142BBE3112A}"
EndProject
Global
	GlobalSection(SolutionConfigurationPlatforms) = preSolution
		Debug|Any CPU = Debug|Any CPU
		Release|Any CPU = Release|Any CPU
	EndGlobalSection
	GlobalSection(ProjectConfigurationPlatforms) = postSolution
		{8D352ED9-170F-42C4-8767-B142BBE3112A}.Debug|Any CPU.ActiveCfg = Debug|Any CPU
		{8D352ED9-170F-42C4-8767-B142BBE3112A}.Debug|Any CPU.Build.0 = Debug|Any CPU
		{8D352ED9-170F-42C4-8767-B142BBE3112A}.Release|Any CPU.ActiveCfg = Release|Any CPU
		{8D352ED9-170F-42C4-8767-B142BBE3112A}.Release|Any CPU.Build.0 = Release|Any CPU
	EndGlobalSection
	GlobalSection(SolutionProperties) = preSolution
		HideSolutionNode = FALSE
	EndGlobalSection
	GlobalSection(ExtensibilityGlobals) = postSolution
		SolutionGuid = {0E744E35-3C1D-454B-BC37-4EE788F65EAA}
	EndGlobalSection
EndGlobal
